
Microsoft Visual Studio Solution File, Format Version 12.00
# Visual Studio Version 17
VisualStudioVersion = 17.9.34714.143
MinimumVisualStudioVersion = 10.0.40219.1
Project("{2150E333-8FDC-42A3-9474-1A3956D46DE8}") = "Services", "Services", "{7BB94988-006D-44AE-BEB3-6A510BE99FDB}"
EndProject
Project("{2150E333-8FDC-42A3-9474-1A3956D46DE8}") = "Catalog", "Catalog", "{F938D643-7C13-4846-A947-44A090B2B067}"
EndProject
Project("{FAE04EC0-301F-11D3-BF4B-00C04F79EFBC}") = "Catalog.API", "Catalog.API\Catalog.API.csproj", "{3D2CAAAB-67F4-4D5A-908C-B39720FABAE1}"
EndProject
Global
	GlobalSection(SolutionConfigurationPlatforms) = preSolution
		Debug|Any CPU = Debug|Any CPU
		Release|Any CPU = Release|Any CPU
	EndGlobalSection
	GlobalSection(ProjectConfigurationPlatforms) = postSolution
		{3D2CAAAB-67F4-4D5A-908C-B39720FABAE1}.Debug|Any CPU.ActiveCfg = Debug|Any CPU
		{3D2CAAAB-67F4-4D5A-908C-B39720FABAE1}.Debug|Any CPU.Build.0 = Debug|Any CPU
		{3D2CAAAB-67F4-4D5A-908C-B39720FABAE1}.Release|Any CPU.ActiveCfg = Release|Any CPU
		{3D2CAAAB-67F4-4D5A-908C-B39720FABAE1}.Release|Any CPU.Build.0 = Release|Any CPU
	EndGlobalSection
	GlobalSection(SolutionProperties) = preSolution
		HideSolutionNode = FALSE
	EndGlobalSection
	GlobalSection(NestedProjects) = preSolution
		{F938D643-7C13-4846-A947-44A090B2B067} = {7BB94988-006D-44AE-BEB3-6A510BE99FDB}
		{3D2CAAAB-67F4-4D5A-908C-B39720FABAE1} = {F938D643-7C13-4846-A947-44A090B2B067}
	EndGlobalSection
	GlobalSection(ExtensibilityGlobals) = postSolution
		SolutionGuid = {7694C241-8140-42F9-9B79-00C75D5CE1EE}
	EndGlobalSection
EndGlobal
