
Microsoft Visual Studio Solution File, Format Version 12.00
# Visual Studio Version 17
VisualStudioVersion = 17.9.34714.143
MinimumVisualStudioVersion = 10.0.40219.1
Project("{2150E333-8FDC-42A3-9474-1A3956D46DE8}") = "Services", "Services", "{D3FAD538-4836-4541-AB76-0C428765F648}"
EndProject
Project("{2150E333-8FDC-42A3-9474-1A3956D46DE8}") = "Catalog", "Catalog", "{9DACB480-FA28-46A5-B2DA-B9E3363CC3AB}"
EndProject
Global
	GlobalSection(SolutionProperties) = preSolution
		HideSolutionNode = FALSE
	EndGlobalSection
	GlobalSection(NestedProjects) = preSolution
		{9DACB480-FA28-46A5-B2DA-B9E3363CC3AB} = {D3FAD538-4836-4541-AB76-0C428765F648}
	EndGlobalSection
	GlobalSection(ExtensibilityGlobals) = postSolution
		SolutionGuid = {7694C241-8140-42F9-9B79-00C75D5CE1EE}
	EndGlobalSection
EndGlobal
